
Microsoft Visual Studio Solution File, Format Version 12.00
# Visual Studio Version 16
VisualStudioVersion = 16.0.29230.47
MinimumVisualStudioVersion = 10.0.40219.1
Project("{FAE04EC0-301F-11D3-BF4B-00C04F79EFBC}") = "WindowsFormsApp1", "WindowsFormsApp1\WindowsFormsApp1.csproj", "{C7143EF7-9F9A-47FC-80A4-86779645F9AA}"
EndProject
Global
	GlobalSection(SolutionConfigurationPlatforms) = preSolution
		Debug|Any CPU = Debug|Any CPU
		Release|Any CPU = Release|Any CPU
	EndGlobalSection
	GlobalSection(ProjectConfigurationPlatforms) = postSolution
		{C7143EF7-9F9A-47FC-80A4-86779645F9AA}.Debug|Any CPU.ActiveCfg = Debug|Any CPU
		{C7143EF7-9F9A-47FC-80A4-86779645F9AA}.Debug|Any CPU.Build.0 = Debug|Any CPU
		{C7143EF7-9F9A-47FC-80A4-86779645F9AA}.Release|Any CPU.ActiveCfg = Release|Any CPU
		{C7143EF7-9F9A-47FC-80A4-86779645F9AA}.Release|Any CPU.Build.0 = Release|Any CPU
	EndGlobalSection
	GlobalSection(SolutionProperties) = preSolution
		HideSolutionNode = FALSE
	EndGlobalSection
	GlobalSection(ExtensibilityGlobals) = postSolution
		SolutionGuid = {44EC04F1-04AC-4C42-89A0-DE93898D5374}
	EndGlobalSection
EndGlobal
